{
  "name": "custom-sorts",
  "version": "0.0.1",
  "lockfileVersion": 2,
  "requires": true,
  "packages": {
    "": {
      "name": "custom-sorts",
      "version": "0.0.1",
      "license": "ISC",
      "dependencies": {
        "custom-sorts": "^0.0.1"
      }
    },
    "node_modules/custom-sorts": {
      "version": "0.0.1",
      "resolved": "https://registry.npmjs.org/custom-sorts/-/custom-sorts-0.0.1.tgz",
      "integrity": "sha512-qml5bDiFixS7Uil23d5x1wsEXwLjxwESH3Ma1Cp/kTKYnqHB5HmZxbbySS9VBnwAZtBnNgfUhTPrWqozFV2Zlw=="
    }
  },
  "dependencies": {
    "custom-sorts": {
      "version": "0.0.1",
      "resolved": "https://registry.npmjs.org/custom-sorts/-/custom-sorts-0.0.1.tgz",
      "integrity": "sha512-qml5bDiFixS7Uil23d5x1wsEXwLjxwESH3Ma1Cp/kTKYnqHB5HmZxbbySS9VBnwAZtBnNgfUhTPrWqozFV2Zlw=="
    }
  }
}
